
Microsoft Visual Studio Solution File, Format Version 12.00
# Visual Studio Version 17
VisualStudioVersion = 17.9.34607.119
MinimumVisualStudioVersion = 10.0.40219.1
Project("{FAE04EC0-301F-11D3-BF4B-00C04F79EFBC}") = "NetWithElasticSearch", "NetWithElasticSearch.csproj", "{163F3086-0C2D-4023-BC25-2516FF72E99F}"
EndProject
Global
	GlobalSection(SolutionConfigurationPlatforms) = preSolution
		Debug|Any CPU = Debug|Any CPU
		Release|Any CPU = Release|Any CPU
	EndGlobalSection
	GlobalSection(ProjectConfigurationPlatforms) = postSolution
		{163F3086-0C2D-4023-BC25-2516FF72E99F}.Debug|Any CPU.ActiveCfg = Debug|Any CPU
		{163F3086-0C2D-4023-BC25-2516FF72E99F}.Debug|Any CPU.Build.0 = Debug|Any CPU
		{163F3086-0C2D-4023-BC25-2516FF72E99F}.Release|Any CPU.ActiveCfg = Release|Any CPU
		{163F3086-0C2D-4023-BC25-2516FF72E99F}.Release|Any CPU.Build.0 = Release|Any CPU
	EndGlobalSection
	GlobalSection(SolutionProperties) = preSolution
		HideSolutionNode = FALSE
	EndGlobalSection
	GlobalSection(ExtensibilityGlobals) = postSolution
		SolutionGuid = {2B43A75E-3CE1-4916-B82D-B15C0260642F}
	EndGlobalSection
EndGlobal
